
Microsoft Visual Studio Solution File, Format Version 12.00
# Visual Studio Version 16
VisualStudioVersion = 16.0.29409.12
MinimumVisualStudioVersion = 10.0.40219.1
Project("{FAE04EC0-301F-11D3-BF4B-00C04F79EFBC}") = "Lab6", "Lab6\Lab6.csproj", "{AC973ED5-1D85-4904-BB88-D2CB2C2E2C43}"
EndProject
Global
	GlobalSection(SolutionConfigurationPlatforms) = preSolution
		Debug|Any CPU = Debug|Any CPU
		Release|Any CPU = Release|Any CPU
	EndGlobalSection
	GlobalSection(ProjectConfigurationPlatforms) = postSolution
		{AC973ED5-1D85-4904-BB88-D2CB2C2E2C43}.Debug|Any CPU.ActiveCfg = Debug|Any CPU
		{AC973ED5-1D85-4904-BB88-D2CB2C2E2C43}.Debug|Any CPU.Build.0 = Debug|Any CPU
		{AC973ED5-1D85-4904-BB88-D2CB2C2E2C43}.Release|Any CPU.ActiveCfg = Release|Any CPU
		{AC973ED5-1D85-4904-BB88-D2CB2C2E2C43}.Release|Any CPU.Build.0 = Release|Any CPU
	EndGlobalSection
	GlobalSection(SolutionProperties) = preSolution
		HideSolutionNode = FALSE
	EndGlobalSection
	GlobalSection(ExtensibilityGlobals) = postSolution
		SolutionGuid = {4F240F4E-CD17-4775-97EF-6401FD87A2F8}
	EndGlobalSection
EndGlobal
